
Microsoft Visual Studio Solution File, Format Version 12.00
# Visual Studio Version 16
VisualStudioVersion = 16.0.29709.97
MinimumVisualStudioVersion = 10.0.40219.1
Project("{9A19103F-16F7-4668-BE54-9A1E7A4F7556}") = "NoticeBoard", "NoticeBoard.csproj", "{759AC352-FE28-408D-9B7F-C3389AF37F8C}"
EndProject
Project("{9A19103F-16F7-4668-BE54-9A1E7A4F7556}") = "DataAccessLayer", "..\DataAccessLayer\DataAccessLayer.csproj", "{AB747667-184A-4A4E-BA2D-A418AEA968E3}"
EndProject
Project("{FAE04EC0-301F-11D3-BF4B-00C04F79EFBC}") = "Entities", "..\Entities\Entities.csproj", "{64CE249E-0770-44DC-AD12-C6E0ACCA701C}"
EndProject
Global
	GlobalSection(SolutionConfigurationPlatforms) = preSolution
		Debug|Any CPU = Debug|Any CPU
		Release|Any CPU = Release|Any CPU
	EndGlobalSection
	GlobalSection(ProjectConfigurationPlatforms) = postSolution
		{759AC352-FE28-408D-9B7F-C3389AF37F8C}.Debug|Any CPU.ActiveCfg = Debug|Any CPU
		{759AC352-FE28-408D-9B7F-C3389AF37F8C}.Debug|Any CPU.Build.0 = Debug|Any CPU
		{759AC352-FE28-408D-9B7F-C3389AF37F8C}.Release|Any CPU.ActiveCfg = Release|Any CPU
		{759AC352-FE28-408D-9B7F-C3389AF37F8C}.Release|Any CPU.Build.0 = Release|Any CPU
		{AB747667-184A-4A4E-BA2D-A418AEA968E3}.Debug|Any CPU.ActiveCfg = Debug|Any CPU
		{AB747667-184A-4A4E-BA2D-A418AEA968E3}.Debug|Any CPU.Build.0 = Debug|Any CPU
		{AB747667-184A-4A4E-BA2D-A418AEA968E3}.Release|Any CPU.ActiveCfg = Release|Any CPU
		{AB747667-184A-4A4E-BA2D-A418AEA968E3}.Release|Any CPU.Build.0 = Release|Any CPU
		{64CE249E-0770-44DC-AD12-C6E0ACCA701C}.Debug|Any CPU.ActiveCfg = Debug|Any CPU
		{64CE249E-0770-44DC-AD12-C6E0ACCA701C}.Debug|Any CPU.Build.0 = Debug|Any CPU
		{64CE249E-0770-44DC-AD12-C6E0ACCA701C}.Release|Any CPU.ActiveCfg = Release|Any CPU
		{64CE249E-0770-44DC-AD12-C6E0ACCA701C}.Release|Any CPU.Build.0 = Release|Any CPU
	EndGlobalSection
	GlobalSection(SolutionProperties) = preSolution
		HideSolutionNode = FALSE
	EndGlobalSection
	GlobalSection(ExtensibilityGlobals) = postSolution
		SolutionGuid = {06767776-8991-40B4-ABD7-32E94B7C13CD}
	EndGlobalSection
EndGlobal
